
Microsoft Visual Studio Solution File, Format Version 12.00
# Visual Studio Version 17
VisualStudioVersion = 17.0.31903.59
MinimumVisualStudioVersion = 10.0.40219.1
Project("{2150E333-8FDC-42A3-9474-1A3956D46DE8}") = "src", "src", "{14F81631-D097-47CA-8447-D113519B96E1}"
EndProject
Project("{FAE04EC0-301F-11D3-BF4B-00C04F79EFBC}") = "WWN.Domain", "src\WWN.Domain\WWN.Domain.csproj", "{1026FA41-5B25-4491-BA7E-081FA32A2B4D}"
EndProject
Project("{FAE04EC0-301F-11D3-BF4B-00C04F79EFBC}") = "WWN.Application", "src\WWN.Application\WWN.Application.csproj", "{B6ADF3F9-1753-4DB3-9249-C3E4558201B2}"
EndProject
Project("{FAE04EC0-301F-11D3-BF4B-00C04F79EFBC}") = "WWN.Infrastructure", "src\WWN.Infrastructure\WWN.Infrastructure.csproj", "{D8368706-FFA8-4411-8D0E-70731D14293C}"
EndProject
Project("{FAE04EC0-301F-11D3-BF4B-00C04F79EFBC}") = "WWN.Web", "src\WWN.Web\WWN.Web.csproj", "{A7697E2E-4C07-4077-8DD9-22F672066407}"
EndProject
Project("{2150E333-8FDC-42A3-9474-1A3956D46DE8}") = "tests", "tests", "{389BE225-F637-4F46-A585-D46D90C4FC5A}"
EndProject
Project("{FAE04EC0-301F-11D3-BF4B-00C04F79EFBC}") = "WWN.Domain.Tests", "tests\WWN.Domain.Tests\WWN.Domain.Tests.csproj", "{01ECC7AD-7506-430F-9FB5-ADD16E120C5D}"
EndProject
Project("{FAE04EC0-301F-11D3-BF4B-00C04F79EFBC}") = "WWN.Application.Tests", "tests\WWN.Application.Tests\WWN.Application.Tests.csproj", "{01A7428B-BCFD-486A-82A1-35773A8E65D1}"
EndProject
Project("{FAE04EC0-301F-11D3-BF4B-00C04F79EFBC}") = "WWN.Integration.Tests", "tests\WWN.Integration.Tests\WWN.Integration.Tests.csproj", "{B7C77F79-9007-460A-A6CF-20F64FC58A1C}"
EndProject
Global
	GlobalSection(SolutionConfigurationPlatforms) = preSolution
		Debug|Any CPU = Debug|Any CPU
		Release|Any CPU = Release|Any CPU
	EndGlobalSection
	GlobalSection(SolutionProperties) = preSolution
		HideSolutionNode = FALSE
	EndGlobalSection
	GlobalSection(ProjectConfigurationPlatforms) = postSolution
		{1026FA41-5B25-4491-BA7E-081FA32A2B4D}.Debug|Any CPU.ActiveCfg = Debug|Any CPU
		{1026FA41-5B25-4491-BA7E-081FA32A2B4D}.Debug|Any CPU.Build.0 = Debug|Any CPU
		{1026FA41-5B25-4491-BA7E-081FA32A2B4D}.Release|Any CPU.ActiveCfg = Release|Any CPU
		{1026FA41-5B25-4491-BA7E-081FA32A2B4D}.Release|Any CPU.Build.0 = Release|Any CPU
		{B6ADF3F9-1753-4DB3-9249-C3E4558201B2}.Debug|Any CPU.ActiveCfg = Debug|Any CPU
		{B6ADF3F9-1753-4DB3-9249-C3E4558201B2}.Debug|Any CPU.Build.0 = Debug|Any CPU
		{B6ADF3F9-1753-4DB3-9249-C3E4558201B2}.Release|Any CPU.ActiveCfg = Release|Any CPU
		{B6ADF3F9-1753-4DB3-9249-C3E4558201B2}.Release|Any CPU.Build.0 = Release|Any CPU
		{D8368706-FFA8-4411-8D0E-70731D14293C}.Debug|Any CPU.ActiveCfg = Debug|Any CPU
		{D8368706-FFA8-4411-8D0E-70731D14293C}.Debug|Any CPU.Build.0 = Debug|Any CPU
		{D8368706-FFA8-4411-8D0E-70731D14293C}.Release|Any CPU.ActiveCfg = Release|Any CPU
		{D8368706-FFA8-4411-8D0E-70731D14293C}.Release|Any CPU.Build.0 = Release|Any CPU
		{A7697E2E-4C07-4077-8DD9-22F672066407}.Debug|Any CPU.ActiveCfg = Debug|Any CPU
		{A7697E2E-4C07-4077-8DD9-22F672066407}.Debug|Any CPU.Build.0 = Debug|Any CPU
		{A7697E2E-4C07-4077-8DD9-22F672066407}.Release|Any CPU.ActiveCfg = Release|Any CPU
		{A7697E2E-4C07-4077-8DD9-22F672066407}.Release|Any CPU.Build.0 = Release|Any CPU
		{01ECC7AD-7506-430F-9FB5-ADD16E120C5D}.Debug|Any CPU.ActiveCfg = Debug|Any CPU
		{01ECC7AD-7506-430F-9FB5-ADD16E120C5D}.Debug|Any CPU.Build.0 = Debug|Any CPU
		{01ECC7AD-7506-430F-9FB5-ADD16E120C5D}.Release|Any CPU.ActiveCfg = Release|Any CPU
		{01ECC7AD-7506-430F-9FB5-ADD16E120C5D}.Release|Any CPU.Build.0 = Release|Any CPU
		{01A7428B-BCFD-486A-82A1-35773A8E65D1}.Debug|Any CPU.ActiveCfg = Debug|Any CPU
		{01A7428B-BCFD-486A-82A1-35773A8E65D1}.Debug|Any CPU.Build.0 = Debug|Any CPU
		{01A7428B-BCFD-486A-82A1-35773A8E65D1}.Release|Any CPU.ActiveCfg = Release|Any CPU
		{01A7428B-BCFD-486A-82A1-35773A8E65D1}.Release|Any CPU.Build.0 = Release|Any CPU
		{B7C77F79-9007-460A-A6CF-20F64FC58A1C}.Debug|Any CPU.ActiveCfg = Debug|Any CPU
		{B7C77F79-9007-460A-A6CF-20F64FC58A1C}.Debug|Any CPU.Build.0 = Debug|Any CPU
		{B7C77F79-9007-460A-A6CF-20F64FC58A1C}.Release|Any CPU.ActiveCfg = Release|Any CPU
		{B7C77F79-9007-460A-A6CF-20F64FC58A1C}.Release|Any CPU.Build.0 = Release|Any CPU
	EndGlobalSection
	GlobalSection(NestedProjects) = preSolution
		{1026FA41-5B25-4491-BA7E-081FA32A2B4D} = {14F81631-D097-47CA-8447-D113519B96E1}
		{B6ADF3F9-1753-4DB3-9249-C3E4558201B2} = {14F81631-D097-47CA-8447-D113519B96E1}
		{D8368706-FFA8-4411-8D0E-70731D14293C} = {14F81631-D097-47CA-8447-D113519B96E1}
		{A7697E2E-4C07-4077-8DD9-22F672066407} = {14F81631-D097-47CA-8447-D113519B96E1}
		{01ECC7AD-7506-430F-9FB5-ADD16E120C5D} = {389BE225-F637-4F46-A585-D46D90C4FC5A}
		{01A7428B-BCFD-486A-82A1-35773A8E65D1} = {389BE225-F637-4F46-A585-D46D90C4FC5A}
		{B7C77F79-9007-460A-A6CF-20F64FC58A1C} = {389BE225-F637-4F46-A585-D46D90C4FC5A}
	EndGlobalSection
EndGlobal
